// !$*UTF8*$!
{
	archiveVersion = 1;
	classes = {
	};
	objectVersion = 56;
	objects = {

/* Begin PBXBuildFile section */
		4213607A2901D3450028D41A /* CameraCaptureView.swift in Sources */ = {isa = PBXBuildFile; fileRef = 421360792901D3450028D41A /* CameraCaptureView.swift */; };
		4213607D2901DB600028D41A /* SnapCreationView.swift in Sources */ = {isa = PBXBuildFile; fileRef = 4213607C2901DB600028D41A /* SnapCreationView.swift */; };
		4213607F2901DEB50028D41A /* SnapSourceButtonView.swift in Sources */ = {isa = PBXBuildFile; fileRef = 4213607E2901DEB50028D41A /* SnapSourceButtonView.swift */; };
		421360812901E5D90028D41A /* Route.swift in Sources */ = {isa = PBXBuildFile; fileRef = 421360802901E5D90028D41A /* Route.swift */; };
		421360832901EDD60028D41A /* RouteCoordinator.swift in Sources */ = {isa = PBXBuildFile; fileRef = 421360822901EDD60028D41A /* RouteCoordinator.swift */; };
		4266FEDE2901F3C900343CEB /* FindInSnapView.swift in Sources */ = {isa = PBXBuildFile; fileRef = 4266FEDD2901F3C900343CEB /* FindInSnapView.swift */; };
		4266FEE12901F3F400343CEB /* FindCanvasView.swift in Sources */ = {isa = PBXBuildFile; fileRef = 4266FEE02901F3F400343CEB /* FindCanvasView.swift */; };
		4266FF0A2902297700343CEB /* Binding+Extension.swift in Sources */ = {isa = PBXBuildFile; fileRef = 4266FF092902297700343CEB /* Binding+Extension.swift */; };
		4266FF0D2902DB6100343CEB /* SnapProcessing.swift in Sources */ = {isa = PBXBuildFile; fileRef = 4266FF0C2902DB6100343CEB /* SnapProcessing.swift */; };
		42FEE7C129019B6D00014965 /* Snap_and_FindApp.swift in Sources */ = {isa = PBXBuildFile; fileRef = 42FEE7C029019B6D00014965 /* Snap_and_FindApp.swift */; };
		42FEE7C329019B6D00014965 /* SnapGridView.swift in Sources */ = {isa = PBXBuildFile; fileRef = 42FEE7C229019B6D00014965 /* SnapGridView.swift */; };
		42FEE7C529019B6E00014965 /* Assets.xcassets in Resources */ = {isa = PBXBuildFile; fileRef = 42FEE7C429019B6E00014965 /* Assets.xcassets */; };
		42FEE7C829019B6E00014965 /* Preview Assets.xcassets in Resources */ = {isa = PBXBuildFile; fileRef = 42FEE7C729019B6E00014965 /* Preview Assets.xcassets */; };
		42FEE7D029019EB000014965 /* Archivable in Frameworks */ = {isa = PBXBuildFile; productRef = 42FEE7CF29019EB000014965 /* Archivable */; };
		42FEE7D22901A08C00014965 /* SnapModel.swift in Sources */ = {isa = PBXBuildFile; fileRef = 42FEE7D12901A08C00014965 /* SnapModel.swift */; };
		42FEE7D42901A7F100014965 /* SnapMockData.swift in Sources */ = {isa = PBXBuildFile; fileRef = 42FEE7D32901A7F100014965 /* SnapMockData.swift */; };
		42FEE7D62901AE9F00014965 /* SnapGridItemView.swift in Sources */ = {isa = PBXBuildFile; fileRef = 42FEE7D52901AE9F00014965 /* SnapGridItemView.swift */; };
		42FEE7D82901B05400014965 /* SnapStore.swift in Sources */ = {isa = PBXBuildFile; fileRef = 42FEE7D72901B05400014965 /* SnapStore.swift */; };
		42FEE7DB2901BADA00014965 /* PhotoPickerSelectionView.swift in Sources */ = {isa = PBXBuildFile; fileRef = 42FEE7DA2901BADA00014965 /* PhotoPickerSelectionView.swift */; };
/* End PBXBuildFile section */

/* Begin PBXFileReference section */
		421360792901D3450028D41A /* CameraCaptureView.swift */ = {isa = PBXFileReference; lastKnownFileType = sourcecode.swift; path = CameraCaptureView.swift; sourceTree = "<group>"; };
		4213607C2901DB600028D41A /* SnapCreationView.swift */ = {isa = PBXFileReference; lastKnownFileType = sourcecode.swift; path = SnapCreationView.swift; sourceTree = "<group>"; };
		4213607E2901DEB50028D41A /* SnapSourceButtonView.swift */ = {isa = PBXFileReference; lastKnownFileType = sourcecode.swift; path = SnapSourceButtonView.swift; sourceTree = "<group>"; };
		421360802901E5D90028D41A /* Route.swift */ = {isa = PBXFileReference; lastKnownFileType = sourcecode.swift; path = Route.swift; sourceTree = "<group>"; };
		421360822901EDD60028D41A /* RouteCoordinator.swift */ = {isa = PBXFileReference; lastKnownFileType = sourcecode.swift; path = RouteCoordinator.swift; sourceTree = "<group>"; };
		4266FEDD2901F3C900343CEB /* FindInSnapView.swift */ = {isa = PBXFileReference; lastKnownFileType = sourcecode.swift; path = FindInSnapView.swift; sourceTree = "<group>"; };
		4266FEE02901F3F400343CEB /* FindCanvasView.swift */ = {isa = PBXFileReference; lastKnownFileType = sourcecode.swift; path = FindCanvasView.swift; sourceTree = "<group>"; };
		4266FF092902297700343CEB /* Binding+Extension.swift */ = {isa = PBXFileReference; lastKnownFileType = sourcecode.swift; path = "Binding+Extension.swift"; sourceTree = "<group>"; };
		4266FF0C2902DB6100343CEB /* SnapProcessing.swift */ = {isa = PBXFileReference; lastKnownFileType = sourcecode.swift; path = SnapProcessing.swift; sourceTree = "<group>"; };
		42FEE7BD29019B6D00014965 /* Snap and Find.app */ = {isa = PBXFileReference; explicitFileType = wrapper.application; includeInIndex = 0; path = "Snap and Find.app"; sourceTree = BUILT_PRODUCTS_DIR; };
		42FEE7C029019B6D00014965 /* Snap_and_FindApp.swift */ = {isa = PBXFileReference; lastKnownFileType = sourcecode.swift; path = Snap_and_FindApp.swift; sourceTree = "<group>"; };
		42FEE7C229019B6D00014965 /* SnapGridView.swift */ = {isa = PBXFileReference; lastKnownFileType = sourcecode.swift; path = SnapGridView.swift; sourceTree = "<group>"; };
		42FEE7C429019B6E00014965 /* Assets.xcassets */ = {isa = PBXFileReference; lastKnownFileType = folder.assetcatalog; path = Assets.xcassets; sourceTree = "<group>"; };
		42FEE7C729019B6E00014965 /* Preview Assets.xcassets */ = {isa = PBXFileReference; lastKnownFileType = folder.assetcatalog; path = "Preview Assets.xcassets"; sourceTree = "<group>"; };
		42FEE7D12901A08C00014965 /* SnapModel.swift */ = {isa = PBXFileReference; lastKnownFileType = sourcecode.swift; path = SnapModel.swift; sourceTree = "<group>"; };
		42FEE7D32901A7F100014965 /* SnapMockData.swift */ = {isa = PBXFileReference; lastKnownFileType = sourcecode.swift; path = SnapMockData.swift; sourceTree = "<group>"; };
		42FEE7D52901AE9F00014965 /* SnapGridItemView.swift */ = {isa = PBXFileReference; lastKnownFileType = sourcecode.swift; path = SnapGridItemView.swift; sourceTree = "<group>"; };
		42FEE7D72901B05400014965 /* SnapStore.swift */ = {isa = PBXFileReference; lastKnownFileType = sourcecode.swift; path = SnapStore.swift; sourceTree = "<group>"; };
		42FEE7DA2901BADA00014965 /* PhotoPickerSelectionView.swift */ = {isa = PBXFileReference; lastKnownFileType = sourcecode.swift; path = PhotoPickerSelectionView.swift; sourceTree = "<group>"; };
/* End PBXFileReference section */

/* Begin PBXFrameworksBuildPhase section */
		42FEE7BA29019B6D00014965 /* Frameworks */ = {
			isa = PBXFrameworksBuildPhase;
			buildActionMask = 2147483647;
			files = (
				42FEE7D029019EB000014965 /* Archivable in Frameworks */,
			);
			runOnlyForDeploymentPostprocessing = 0;
		};
/* End PBXFrameworksBuildPhase section */

/* Begin PBXGroup section */
		4213607B2901DB4C0028D41A /* Snap Creation */ = {
			isa = PBXGroup;
			children = (
				42FEE7DA2901BADA00014965 /* PhotoPickerSelectionView.swift */,
				4213607C2901DB600028D41A /* SnapCreationView.swift */,
				4213607E2901DEB50028D41A /* SnapSourceButtonView.swift */,
				421360792901D3450028D41A /* CameraCaptureView.swift */,
			);
			path = "Snap Creation";
			sourceTree = "<group>";
		};
		4266FEDF2901F3CF00343CEB /* Find */ = {
			isa = PBXGroup;
			children = (
				4266FEDD2901F3C900343CEB /* FindInSnapView.swift */,
				4266FEE02901F3F400343CEB /* FindCanvasView.swift */,
			);
			path = Find;
			sourceTree = "<group>";
		};
		4266FF0B2902297B00343CEB /* Extensions */ = {
			isa = PBXGroup;
			children = (
				4266FF092902297700343CEB /* Binding+Extension.swift */,
			);
			path = Extensions;
			sourceTree = "<group>";
		};
		42FEE7B429019B6D00014965 = {
			isa = PBXGroup;
			children = (
				42FEE7BF29019B6D00014965 /* Snap and Find */,
				42FEE7BE29019B6D00014965 /* Products */,
			);
			sourceTree = "<group>";
		};
		42FEE7BE29019B6D00014965 /* Products */ = {
			isa = PBXGroup;
			children = (
				42FEE7BD29019B6D00014965 /* Snap and Find.app */,
			);
			name = Products;
			sourceTree = "<group>";
		};
		42FEE7BF29019B6D00014965 /* Snap and Find */ = {
			isa = PBXGroup;
			children = (
				42FEE7C029019B6D00014965 /* Snap_and_FindApp.swift */,
				4213607B2901DB4C0028D41A /* Snap Creation */,
				42FEE7D72901B05400014965 /* SnapStore.swift */,
				4266FF0C2902DB6100343CEB /* SnapProcessing.swift */,
				421360802901E5D90028D41A /* Route.swift */,
				421360822901EDD60028D41A /* RouteCoordinator.swift */,
				4266FEDF2901F3CF00343CEB /* Find */,
				42FEE7D92901B25100014965 /* Grid */,
				42FEE7D12901A08C00014965 /* SnapModel.swift */,
				4266FF0B2902297B00343CEB /* Extensions */,
				42FEE7C429019B6E00014965 /* Assets.xcassets */,
				42FEE7C629019B6E00014965 /* Preview Content */,
			);
			path = "Snap and Find";
			sourceTree = "<group>";
		};
		42FEE7C629019B6E00014965 /* Preview Content */ = {
			isa = PBXGroup;
			children = (
				42FEE7C729019B6E00014965 /* Preview Assets.xcassets */,
				42FEE7D32901A7F100014965 /* SnapMockData.swift */,
			);
			path = "Preview Content";
			sourceTree = "<group>";
		};
		42FEE7D92901B25100014965 /* Grid */ = {
			isa = PBXGroup;
			children = (
				42FEE7C229019B6D00014965 /* SnapGridView.swift */,
				42FEE7D52901AE9F00014965 /* SnapGridItemView.swift */,
			);
			path = Grid;
			sourceTree = "<group>";
		};
/* End PBXGroup section */

/* Begin PBXNativeTarget section */
		42FEE7BC29019B6D00014965 /* Snap and Find */ = {
			isa = PBXNativeTarget;
			buildConfigurationList = 42FEE7CB29019B6E00014965 /* Build configuration list for PBXNativeTarget "Snap and Find" */;
			buildPhases = (
				42FEE7B929019B6D00014965 /* Sources */,
				42FEE7BA29019B6D00014965 /* Frameworks */,
				42FEE7BB29019B6D00014965 /* Resources */,
			);
			buildRules = (
			);
			dependencies = (
			);
			name = "Snap and Find";
			packageProductDependencies = (
				42FEE7CF29019EB000014965 /* Archivable */,
			);
			productName = "Snap and Find";
			productReference = 42FEE7BD29019B6D00014965 /* Snap and Find.app */;
			productType = "com.apple.product-type.application";
		};
/* End PBXNativeTarget section */

/* Begin PBXProject section */
		42FEE7B529019B6D00014965 /* Project object */ = {
			isa = PBXProject;
			attributes = {
				BuildIndependentTargetsInParallel = 1;
				LastSwiftUpdateCheck = 1400;
				LastUpgradeCheck = 1400;
				TargetAttributes = {
					42FEE7BC29019B6D00014965 = {
						CreatedOnToolsVersion = 14.0.1;
					};
				};
			};
			buildConfigurationList = 42FEE7B829019B6D00014965 /* Build configuration list for PBXProject "Snap and Find" */;
			compatibilityVersion = "Xcode 14.0";
			developmentRegion = en;
			hasScannedForEncodings = 0;
			knownRegions = (
				en,
				Base,
			);
			mainGroup = 42FEE7B429019B6D00014965;
			packageReferences = (
				42FEE7CE29019EB000014965 /* XCRemoteSwiftPackageReference "Archivable" */,
			);
			productRefGroup = 42FEE7BE29019B6D00014965 /* Products */;
			projectDirPath = "";
			projectRoot = "";
			targets = (
				42FEE7BC29019B6D00014965 /* Snap and Find */,
			);
		};
/* End PBXProject section */

/* Begin PBXResourcesBuildPhase section */
		42FEE7BB29019B6D00014965 /* Resources */ = {
			isa = PBXResourcesBuildPhase;
			buildActionMask = 2147483647;
			files = (
				42FEE7C829019B6E00014965 /* Preview Assets.xcassets in Resources */,
				42FEE7C529019B6E00014965 /* Assets.xcassets in Resources */,
			);
			runOnlyForDeploymentPostprocessing = 0;
		};
/* End PBXResourcesBuildPhase section */

/* Begin PBXSourcesBuildPhase section */
		42FEE7B929019B6D00014965 /* Sources */ = {
			isa = PBXSourcesBuildPhase;
			buildActionMask = 2147483647;
			files = (
				4213607D2901DB600028D41A /* SnapCreationView.swift in Sources */,
				421360812901E5D90028D41A /* Route.swift in Sources */,
				4213607F2901DEB50028D41A /* SnapSourceButtonView.swift in Sources */,
				42FEE7D22901A08C00014965 /* SnapModel.swift in Sources */,
				4266FF0A2902297700343CEB /* Binding+Extension.swift in Sources */,
				421360832901EDD60028D41A /* RouteCoordinator.swift in Sources */,
				42FEE7DB2901BADA00014965 /* PhotoPickerSelectionView.swift in Sources */,
				42FEE7C329019B6D00014965 /* SnapGridView.swift in Sources */,
				42FEE7C129019B6D00014965 /* Snap_and_FindApp.swift in Sources */,
				42FEE7D62901AE9F00014965 /* SnapGridItemView.swift in Sources */,
				4266FEE12901F3F400343CEB /* FindCanvasView.swift in Sources */,
				42FEE7D42901A7F100014965 /* SnapMockData.swift in Sources */,
				42FEE7D82901B05400014965 /* SnapStore.swift in Sources */,
				4213607A2901D3450028D41A /* CameraCaptureView.swift in Sources */,
				4266FF0D2902DB6100343CEB /* SnapProcessing.swift in Sources */,
				4266FEDE2901F3C900343CEB /* FindInSnapView.swift in Sources */,
			);
			runOnlyForDeploymentPostprocessing = 0;
		};
/* End PBXSourcesBuildPhase section */

/* Begin XCBuildConfiguration section */
		42FEE7C929019B6E00014965 /* Debug */ = {
			isa = XCBuildConfiguration;
			buildSettings = {
				ALWAYS_SEARCH_USER_PATHS = NO;
				CLANG_ANALYZER_NONNULL = YES;
				CLANG_ANALYZER_NUMBER_OBJECT_CONVERSION = YES_AGGRESSIVE;
				CLANG_CXX_LANGUAGE_STANDARD = "gnu++20";
				CLANG_ENABLE_MODULES = YES;
				CLANG_ENABLE_OBJC_ARC = YES;
				CLANG_ENABLE_OBJC_WEAK = YES;
				CLANG_WARN_BLOCK_CAPTURE_AUTORELEASING = YES;
				CLANG_WARN_BOOL_CONVERSION = YES;
				CLANG_WARN_COMMA = YES;
				CLANG_WARN_CONSTANT_CONVERSION = YES;
				CLANG_WARN_DEPRECATED_OBJC_IMPLEMENTATIONS = YES;
				CLANG_WARN_DIRECT_OBJC_ISA_USAGE = YES_ERROR;
				CLANG_WARN_DOCUMENTATION_COMMENTS = YES;
				CLANG_WARN_EMPTY_BODY = YES;
				CLANG_WARN_ENUM_CONVERSION = YES;
				CLANG_WARN_INFINITE_RECURSION = YES;
				CLANG_WARN_INT_CONVERSION = YES;
				CLANG_WARN_NON_LITERAL_NULL_CONVERSION = YES;
				CLANG_WARN_OBJC_IMPLICIT_RETAIN_SELF = YES;
				CLANG_WARN_OBJC_LITERAL_CONVERSION = YES;
				CLANG_WARN_OBJC_ROOT_CLASS = YES_ERROR;
				CLANG_WARN_QUOTED_INCLUDE_IN_FRAMEWORK_HEADER = YES;
				CLANG_WARN_RANGE_LOOP_ANALYSIS = YES;
				CLANG_WARN_STRICT_PROTOTYPES = YES;
				CLANG_WARN_SUSPICIOUS_MOVE = YES;
				CLANG_WARN_UNGUARDED_AVAILABILITY = YES_AGGRESSIVE;
				CLANG_WARN_UNREACHABLE_CODE = YES;
				CLANG_WARN__DUPLICATE_METHOD_MATCH = YES;
				COPY_PHASE_STRIP = NO;
				DEBUG_INFORMATION_FORMAT = dwarf;
				ENABLE_STRICT_OBJC_MSGSEND = YES;
				ENABLE_TESTABILITY = YES;
				GCC_C_LANGUAGE_STANDARD = gnu11;
				GCC_DYNAMIC_NO_PIC = NO;
				GCC_NO_COMMON_BLOCKS = YES;
				GCC_OPTIMIZATION_LEVEL = 0;
				GCC_PREPROCESSOR_DEFINITIONS = (
					"DEBUG=1",
					"$(inherited)",
				);
				GCC_WARN_64_TO_32_BIT_CONVERSION = YES;
				GCC_WARN_ABOUT_RETURN_TYPE = YES_ERROR;
				GCC_WARN_UNDECLARED_SELECTOR = YES;
				GCC_WARN_UNINITIALIZED_AUTOS = YES_AGGRESSIVE;
				GCC_WARN_UNUSED_FUNCTION = YES;
				GCC_WARN_UNUSED_VARIABLE = YES;
				IPHONEOS_DEPLOYMENT_TARGET = 16.0;
				MTL_ENABLE_DEBUG_INFO = INCLUDE_SOURCE;
				MTL_FAST_MATH = YES;
				ONLY_ACTIVE_ARCH = YES;
				SDKROOT = iphoneos;
				SWIFT_ACTIVE_COMPILATION_CONDITIONS = DEBUG;
				SWIFT_OPTIMIZATION_LEVEL = "-Onone";
			};
			name = Debug;
		};
		42FEE7CA29019B6E00014965 /* Release */ = {
			isa = XCBuildConfiguration;
			buildSettings = {
				ALWAYS_SEARCH_USER_PATHS = NO;
				CLANG_ANALYZER_NONNULL = YES;
				CLANG_ANALYZER_NUMBER_OBJECT_CONVERSION = YES_AGGRESSIVE;
				CLANG_CXX_LANGUAGE_STANDARD = "gnu++20";
				CLANG_ENABLE_MODULES = YES;
				CLANG_ENABLE_OBJC_ARC = YES;
				CLANG_ENABLE_OBJC_WEAK = YES;
				CLANG_WARN_BLOCK_CAPTURE_AUTORELEASING = YES;
				CLANG_WARN_BOOL_CONVERSION = YES;
				CLANG_WARN_COMMA = YES;
				CLANG_WARN_CONSTANT_CONVERSION = YES;
				CLANG_WARN_DEPRECATED_OBJC_IMPLEMENTATIONS = YES;
				CLANG_WARN_DIRECT_OBJC_ISA_USAGE = YES_ERROR;
				CLANG_WARN_DOCUMENTATION_COMMENTS = YES;
				CLANG_WARN_EMPTY_BODY = YES;
				CLANG_WARN_ENUM_CONVERSION = YES;
				CLANG_WARN_INFINITE_RECURSION = YES;
				CLANG_WARN_INT_CONVERSION = YES;
				CLANG_WARN_NON_LITERAL_NULL_CONVERSION = YES;
				CLANG_WARN_OBJC_IMPLICIT_RETAIN_SELF = YES;
				CLANG_WARN_OBJC_LITERAL_CONVERSION = YES;
				CLANG_WARN_OBJC_ROOT_CLASS = YES_ERROR;
				CLANG_WARN_QUOTED_INCLUDE_IN_FRAMEWORK_HEADER = YES;
				CLANG_WARN_RANGE_LOOP_ANALYSIS = YES;
				CLANG_WARN_STRICT_PROTOTYPES = YES;
				CLANG_WARN_SUSPICIOUS_MOVE = YES;
				CLANG_WARN_UNGUARDED_AVAILABILITY = YES_AGGRESSIVE;
				CLANG_WARN_UNREACHABLE_CODE = YES;
				CLANG_WARN__DUPLICATE_METHOD_MATCH = YES;
				COPY_PHASE_STRIP = NO;
				DEBUG_INFORMATION_FORMAT = "dwarf-with-dsym";
				ENABLE_NS_ASSERTIONS = NO;
				ENABLE_STRICT_OBJC_MSGSEND = YES;
				GCC_C_LANGUAGE_STANDARD = gnu11;
				GCC_NO_COMMON_BLOCKS = YES;
				GCC_WARN_64_TO_32_BIT_CONVERSION = YES;
				GCC_WARN_ABOUT_RETURN_TYPE = YES_ERROR;
				GCC_WARN_UNDECLARED_SELECTOR = YES;
				GCC_WARN_UNINITIALIZED_AUTOS = YES_AGGRESSIVE;
				GCC_WARN_UNUSED_FUNCTION = YES;
				GCC_WARN_UNUSED_VARIABLE = YES;
				IPHONEOS_DEPLOYMENT_TARGET = 16.0;
				MTL_ENABLE_DEBUG_INFO = NO;
				MTL_FAST_MATH = YES;
				SDKROOT = iphoneos;
				SWIFT_COMPILATION_MODE = wholemodule;
				SWIFT_OPTIMIZATION_LEVEL = "-O";
				VALIDATE_PRODUCT = YES;
			};
			name = Release;
		};
		42FEE7CC29019B6E00014965 /* Debug */ = {
			isa = XCBuildConfiguration;
			buildSettings = {
				ASSETCATALOG_COMPILER_APPICON_NAME = AppIcon;
				ASSETCATALOG_COMPILER_GLOBAL_ACCENT_COLOR_NAME = AccentColor;
				CODE_SIGN_STYLE = Automatic;
				CURRENT_PROJECT_VERSION = 1;
				DEVELOPMENT_ASSET_PATHS = "Snap\\ and\\ Find/Preview\\ Content/SnapMockData.swift Snap\\ and\\ Find/Preview\\ Content";
				DEVELOPMENT_TEAM = AJSV2L9F8Q;
				ENABLE_PREVIEWS = YES;
				GENERATE_INFOPLIST_FILE = YES;
				INFOPLIST_KEY_NSCameraUsageDescription = "This is the snap part of snap and find";
				INFOPLIST_KEY_UIApplicationSceneManifest_Generation = YES;
				INFOPLIST_KEY_UIApplicationSupportsIndirectInputEvents = YES;
				INFOPLIST_KEY_UILaunchScreen_Generation = YES;
				INFOPLIST_KEY_UISupportedInterfaceOrientations_iPad = "UIInterfaceOrientationPortrait UIInterfaceOrientationPortraitUpsideDown UIInterfaceOrientationLandscapeLeft UIInterfaceOrientationLandscapeRight";
				INFOPLIST_KEY_UISupportedInterfaceOrientations_iPhone = "UIInterfaceOrientationPortrait UIInterfaceOrientationLandscapeLeft UIInterfaceOrientationLandscapeRight";
				LD_RUNPATH_SEARCH_PATHS = (
					"$(inherited)",
					"@executable_path/Frameworks",
				);
				MARKETING_VERSION = 1.0;
				PRODUCT_BUNDLE_IDENTIFIER = "com.bottlerocketstudios.rocketscience.Snap-and-Find";
				PRODUCT_NAME = "$(TARGET_NAME)";
				SUPPORTED_PLATFORMS = "iphoneos iphonesimulator";
				SUPPORTS_MACCATALYST = NO;
				SUPPORTS_MAC_DESIGNED_FOR_IPHONE_IPAD = YES;
				SWIFT_EMIT_LOC_STRINGS = YES;
				SWIFT_VERSION = 5.0;
				TARGETED_DEVICE_FAMILY = 2;
			};
			name = Debug;
		};
		42FEE7CD29019B6E00014965 /* Release */ = {
			isa = XCBuildConfiguration;
			buildSettings = {
				ASSETCATALOG_COMPILER_APPICON_NAME = AppIcon;
				ASSETCATALOG_COMPILER_GLOBAL_ACCENT_COLOR_NAME = AccentColor;
				CODE_SIGN_STYLE = Automatic;
				CURRENT_PROJECT_VERSION = 1;
				DEVELOPMENT_ASSET_PATHS = "Snap\\ and\\ Find/Preview\\ Content/SnapMockData.swift Snap\\ and\\ Find/Preview\\ Content";
				DEVELOPMENT_TEAM = AJSV2L9F8Q;
				ENABLE_PREVIEWS = YES;
				GENERATE_INFOPLIST_FILE = YES;
				INFOPLIST_KEY_NSCameraUsageDescription = "This is the snap part of snap and find";
				INFOPLIST_KEY_UIApplicationSceneManifest_Generation = YES;
				INFOPLIST_KEY_UIApplicationSupportsIndirectInputEvents = YES;
				INFOPLIST_KEY_UILaunchScreen_Generation = YES;
				INFOPLIST_KEY_UISupportedInterfaceOrientations_iPad = "UIInterfaceOrientationPortrait UIInterfaceOrientationPortraitUpsideDown UIInterfaceOrientationLandscapeLeft UIInterfaceOrientationLandscapeRight";
				INFOPLIST_KEY_UISupportedInterfaceOrientations_iPhone = "UIInterfaceOrientationPortrait UIInterfaceOrientationLandscapeLeft UIInterfaceOrientationLandscapeRight";
				LD_RUNPATH_SEARCH_PATHS = (
					"$(inherited)",
					"@executable_path/Frameworks",
				);
				MARKETING_VERSION = 1.0;
				PRODUCT_BUNDLE_IDENTIFIER = "com.bottlerocketstudios.rocketscience.Snap-and-Find";
				PRODUCT_NAME = "$(TARGET_NAME)";
				SUPPORTED_PLATFORMS = "iphoneos iphonesimulator";
				SUPPORTS_MACCATALYST = NO;
				SUPPORTS_MAC_DESIGNED_FOR_IPHONE_IPAD = YES;
				SWIFT_EMIT_LOC_STRINGS = YES;
				SWIFT_VERSION = 5.0;
				TARGETED_DEVICE_FAMILY = 2;
			};
			name = Release;
		};
/* End XCBuildConfiguration section */

/* Begin XCConfigurationList section */
		42FEE7B829019B6D00014965 /* Build configuration list for PBXProject "Snap and Find" */ = {
			isa = XCConfigurationList;
			buildConfigurations = (
				42FEE7C929019B6E00014965 /* Debug */,
				42FEE7CA29019B6E00014965 /* Release */,
			);
			defaultConfigurationIsVisible = 0;
			defaultConfigurationName = Release;
		};
		42FEE7CB29019B6E00014965 /* Build configuration list for PBXNativeTarget "Snap and Find" */ = {
			isa = XCConfigurationList;
			buildConfigurations = (
				42FEE7CC29019B6E00014965 /* Debug */,
				42FEE7CD29019B6E00014965 /* Release */,
			);
			defaultConfigurationIsVisible = 0;
			defaultConfigurationName = Release;
		};
/* End XCConfigurationList section */

/* Begin XCRemoteSwiftPackageReference section */
		42FEE7CE29019EB000014965 /* XCRemoteSwiftPackageReference "Archivable" */ = {
			isa = XCRemoteSwiftPackageReference;
			repositoryURL = "https://github.com/GrandLarseny/Archivable.git";
			requirement = {
				branch = main;
				kind = branch;
			};
		};
/* End XCRemoteSwiftPackageReference section */

/* Begin XCSwiftPackageProductDependency section */
		42FEE7CF29019EB000014965 /* Archivable */ = {
			isa = XCSwiftPackageProductDependency;
			package = 42FEE7CE29019EB000014965 /* XCRemoteSwiftPackageReference "Archivable" */;
			productName = Archivable;
		};
/* End XCSwiftPackageProductDependency section */
	};
	rootObject = 42FEE7B529019B6D00014965 /* Project object */;
}
